// !$*UTF8*$!
{
	archiveVersion = 1;
	classes = {
	};
	objectVersion = 50;
	objects = {

/* Begin PBXBuildFile section */
		9C5A0D2A23A61FDD0033A653 /* CustomCell.swift in Sources */ = {isa = PBXBuildFile; fileRef = 9C5A0D2923A61FDD0033A653 /* CustomCell.swift */; };
		9CDDA5D523A4757400DD4320 /* AppDelegate.swift in Sources */ = {isa = PBXBuildFile; fileRef = 9CDDA5D423A4757400DD4320 /* AppDelegate.swift */; };
		9CDDA5D723A4757400DD4320 /* SceneDelegate.swift in Sources */ = {isa = PBXBuildFile; fileRef = 9CDDA5D623A4757400DD4320 /* SceneDelegate.swift */; };
		9CDDA5D923A4757400DD4320 /* ViewController.swift in Sources */ = {isa = PBXBuildFile; fileRef = 9CDDA5D823A4757400DD4320 /* ViewController.swift */; };
		9CDDA5DC23A4757400DD4320 /* Main.storyboard in Resources */ = {isa = PBXBuildFile; fileRef = 9CDDA5DA23A4757400DD4320 /* Main.storyboard */; };
		9CDDA5DE23A4757600DD4320 /* Assets.xcassets in Resources */ = {isa = PBXBuildFile; fileRef = 9CDDA5DD23A4757600DD4320 /* Assets.xcassets */; };
		9CDDA5E123A4757600DD4320 /* LaunchScreen.storyboard in Resources */ = {isa = PBXBuildFile; fileRef = 9CDDA5DF23A4757600DD4320 /* LaunchScreen.storyboard */; };
/* End PBXBuildFile section */

/* Begin PBXFileReference section */
		9C5A0D2923A61FDD0033A653 /* CustomCell.swift */ = {isa = PBXFileReference; lastKnownFileType = sourcecode.swift; path = CustomCell.swift; sourceTree = "<group>"; };
		9CDDA5D123A4757400DD4320 /* TestCollectionview.app */ = {isa = PBXFileReference; explicitFileType = wrapper.application; includeInIndex = 0; path = TestCollectionview.app; sourceTree = BUILT_PRODUCTS_DIR; };
		9CDDA5D423A4757400DD4320 /* AppDelegate.swift */ = {isa = PBXFileReference; lastKnownFileType = sourcecode.swift; path = AppDelegate.swift; sourceTree = "<group>"; };
		9CDDA5D623A4757400DD4320 /* SceneDelegate.swift */ = {isa = PBXFileReference; lastKnownFileType = sourcecode.swift; path = SceneDelegate.swift; sourceTree = "<group>"; };
		9CDDA5D823A4757400DD4320 /* ViewController.swift */ = {isa = PBXFileReference; lastKnownFileType = sourcecode.swift; path = ViewController.swift; sourceTree = "<group>"; };
		9CDDA5DB23A4757400DD4320 /* Base */ = {isa = PBXFileReference; lastKnownFileType = file.storyboard; name = Base; path = Base.lproj/Main.storyboard; sourceTree = "<group>"; };
		9CDDA5DD23A4757600DD4320 /* Assets.xcassets */ = {isa = PBXFileReference; lastKnownFileType = folder.assetcatalog; path = Assets.xcassets; sourceTree = "<group>"; };
		9CDDA5E023A4757600DD4320 /* Base */ = {isa = PBXFileReference; lastKnownFileType = file.storyboard; name = Base; path = Base.lproj/LaunchScreen.storyboard; sourceTree = "<group>"; };
		9CDDA5E223A4757600DD4320 /* Info.plist */ = {isa = PBXFileReference; lastKnownFileType = text.plist.xml; path = Info.plist; sourceTree = "<group>"; };
/* End PBXFileReference section */

/* Begin PBXFrameworksBuildPhase section */
		9CDDA5CE23A4757400DD4320 /* Frameworks */ = {
			isa = PBXFrameworksBuildPhase;
			buildActionMask = 2147483647;
			files = (
			);
			runOnlyForDeploymentPostprocessing = 0;
		};
/* End PBXFrameworksBuildPhase section */

/* Begin PBXGroup section */
		9CDDA5C823A4757400DD4320 = {
			isa = PBXGroup;
			children = (
				9CDDA5D323A4757400DD4320 /* TestCollectionview */,
				9CDDA5D223A4757400DD4320 /* Products */,
			);
			sourceTree = "<group>";
		};
		9CDDA5D223A4757400DD4320 /* Products */ = {
			isa = PBXGroup;
			children = (
				9CDDA5D123A4757400DD4320 /* TestCollectionview.app */,
			);
			name = Products;
			sourceTree = "<group>";
		};
		9CDDA5D323A4757400DD4320 /* TestCollectionview */ = {
			isa = PBXGroup;
			children = (
				9CDDA5D423A4757400DD4320 /* AppDelegate.swift */,
				9CDDA5D623A4757400DD4320 /* SceneDelegate.swift */,
				9CDDA5D823A4757400DD4320 /* ViewController.swift */,
				9CDDA5DA23A4757400DD4320 /* Main.storyboard */,
				9CDDA5DD23A4757600DD4320 /* Assets.xcassets */,
				9CDDA5DF23A4757600DD4320 /* LaunchScreen.storyboard */,
				9CDDA5E223A4757600DD4320 /* Info.plist */,
				9C5A0D2923A61FDD0033A653 /* CustomCell.swift */,
			);
			path = TestCollectionview;
			sourceTree = "<group>";
		};
/* End PBXGroup section */

/* Begin PBXNativeTarget section */
		9CDDA5D023A4757400DD4320 /* TestCollectionview */ = {
			isa = PBXNativeTarget;
			buildConfigurationList = 9CDDA5E523A4757600DD4320 /* Build configuration list for PBXNativeTarget "TestCollectionview" */;
			buildPhases = (
				9CDDA5CD23A4757400DD4320 /* Sources */,
				9CDDA5CE23A4757400DD4320 /* Frameworks */,
				9CDDA5CF23A4757400DD4320 /* Resources */,
			);
			buildRules = (
			);
			dependencies = (
			);
			name = TestCollectionview;
			productName = TestCollectionview;
			productReference = 9CDDA5D123A4757400DD4320 /* TestCollectionview.app */;
			productType = "com.apple.product-type.application";
		};
/* End PBXNativeTarget section */

/* Begin PBXProject section */
		9CDDA5C923A4757400DD4320 /* Project object */ = {
			isa = PBXProject;
			attributes = {
				LastSwiftUpdateCheck = 1130;
				LastUpgradeCheck = 1130;
				ORGANIZATIONNAME = "SEUNG-WON KIM";
				TargetAttributes = {
					9CDDA5D023A4757400DD4320 = {
						CreatedOnToolsVersion = 11.3;
					};
				};
			};
			buildConfigurationList = 9CDDA5CC23A4757400DD4320 /* Build configuration list for PBXProject "TestCollectionview" */;
			compatibilityVersion = "Xcode 9.3";
			developmentRegion = en;
			hasScannedForEncodings = 0;
			knownRegions = (
				en,
				Base,
			);
			mainGroup = 9CDDA5C823A4757400DD4320;
			productRefGroup = 9CDDA5D223A4757400DD4320 /* Products */;
			projectDirPath = "";
			projectRoot = "";
			targets = (
				9CDDA5D023A4757400DD4320 /* TestCollectionview */,
			);
		};
/* End PBXProject section */

/* Begin PBXResourcesBuildPhase section */
		9CDDA5CF23A4757400DD4320 /* Resources */ = {
			isa = PBXResourcesBuildPhase;
			buildActionMask = 2147483647;
			files = (
				9CDDA5E123A4757600DD4320 /* LaunchScreen.storyboard in Resources */,
				9CDDA5DE23A4757600DD4320 /* Assets.xcassets in Resources */,
				9CDDA5DC23A4757400DD4320 /* Main.storyboard in Resources */,
			);
			runOnlyForDeploymentPostprocessing = 0;
		};
/* End PBXResourcesBuildPhase section */

/* Begin PBXSourcesBuildPhase section */
		9CDDA5CD23A4757400DD4320 /* Sources */ = {
			isa = PBXSourcesBuildPhase;
			buildActionMask = 2147483647;
			files = (
				9CDDA5D923A4757400DD4320 /* ViewController.swift in Sources */,
				9CDDA5D523A4757400DD4320 /* AppDelegate.swift in Sources */,
				9C5A0D2A23A61FDD0033A653 /* CustomCell.swift in Sources */,
				9CDDA5D723A4757400DD4320 /* SceneDelegate.swift in Sources */,
			);
			runOnlyForDeploymentPostprocessing = 0;
		};
/* End PBXSourcesBuildPhase section */

/* Begin PBXVariantGroup section */
		9CDDA5DA23A4757400DD4320 /* Main.storyboard */ = {
			isa = PBXVariantGroup;
			children = (
				9CDDA5DB23A4757400DD4320 /* Base */,
			);
			name = Main.storyboard;
			sourceTree = "<group>";
		};
		9CDDA5DF23A4757600DD4320 /* LaunchScreen.storyboard */ = {
			isa = PBXVariantGroup;
			children = (
				9CDDA5E023A4757600DD4320 /* Base */,
			);
			name = LaunchScreen.storyboard;
			sourceTree = "<group>";
		};
/* End PBXVariantGroup section */

/* Begin XCBuildConfiguration section */
		9CDDA5E323A4757600DD4320 /* Debug */ = {
			isa = XCBuildConfiguration;
			buildSettings = {
				ALWAYS_SEARCH_USER_PATHS = NO;
				CLANG_ANALYZER_NONNULL = YES;
				CLANG_ANALYZER_NUMBER_OBJECT_CONVERSION = YES_AGGRESSIVE;
				CLANG_CXX_LANGUAGE_STANDARD = "gnu++14";
				CLANG_CXX_LIBRARY = "libc++";
				CLANG_ENABLE_MODULES = YES;
				CLANG_ENABLE_OBJC_ARC = YES;
				CLANG_ENABLE_OBJC_WEAK = YES;
				CLANG_WARN_BLOCK_CAPTURE_AUTORELEASING = YES;
				CLANG_WARN_BOOL_CONVERSION = YES;
				CLANG_WARN_COMMA = YES;
				CLANG_WARN_CONSTANT_CONVERSION = YES;
				CLANG_WARN_DEPRECATED_OBJC_IMPLEMENTATIONS = YES;
				CLANG_WARN_DIRECT_OBJC_ISA_USAGE = YES_ERROR;
				CLANG_WARN_DOCUMENTATION_COMMENTS = YES;
				CLANG_WARN_EMPTY_BODY = YES;
				CLANG_WARN_ENUM_CONVERSION = YES;
				CLANG_WARN_INFINITE_RECURSION = YES;
				CLANG_WARN_INT_CONVERSION = YES;
				CLANG_WARN_NON_LITERAL_NULL_CONVERSION = YES;
				CLANG_WARN_OBJC_IMPLICIT_RETAIN_SELF = YES;
				CLANG_WARN_OBJC_LITERAL_CONVERSION = YES;
				CLANG_WARN_OBJC_ROOT_CLASS = YES_ERROR;
				CLANG_WARN_RANGE_LOOP_ANALYSIS = YES;
				CLANG_WARN_STRICT_PROTOTYPES = YES;
				CLANG_WARN_SUSPICIOUS_MOVE = YES;
				CLANG_WARN_UNGUARDED_AVAILABILITY = YES_AGGRESSIVE;
				CLANG_WARN_UNREACHABLE_CODE = YES;
				CLANG_WARN__DUPLICATE_METHOD_MATCH = YES;
				COPY_PHASE_STRIP = NO;
				DEBUG_INFORMATION_FORMAT = dwarf;
				ENABLE_STRICT_OBJC_MSGSEND = YES;
				ENABLE_TESTABILITY = YES;
				GCC_C_LANGUAGE_STANDARD = gnu11;
				GCC_DYNAMIC_NO_PIC = NO;
				GCC_NO_COMMON_BLOCKS = YES;
				GCC_OPTIMIZATION_LEVEL = 0;
				GCC_PREPROCESSOR_DEFINITIONS = (
					"DEBUG=1",
					"$(inherited)",
				);
				GCC_WARN_64_TO_32_BIT_CONVERSION = YES;
				GCC_WARN_ABOUT_RETURN_TYPE = YES_ERROR;
				GCC_WARN_UNDECLARED_SELECTOR = YES;
				GCC_WARN_UNINITIALIZED_AUTOS = YES_AGGRESSIVE;
				GCC_WARN_UNUSED_FUNCTION = YES;
				GCC_WARN_UNUSED_VARIABLE = YES;
				IPHONEOS_DEPLOYMENT_TARGET = 13.2;
				MTL_ENABLE_DEBUG_INFO = INCLUDE_SOURCE;
				MTL_FAST_MATH = YES;
				ONLY_ACTIVE_ARCH = YES;
				SDKROOT = iphoneos;
				SWIFT_ACTIVE_COMPILATION_CONDITIONS = DEBUG;
				SWIFT_OPTIMIZATION_LEVEL = "-Onone";
			};
			name = Debug;
		};
		9CDDA5E423A4757600DD4320 /* Release */ = {
			isa = XCBuildConfiguration;
			buildSettings = {
				ALWAYS_SEARCH_USER_PATHS = NO;
				CLANG_ANALYZER_NONNULL = YES;
				CLANG_ANALYZER_NUMBER_OBJECT_CONVERSION = YES_AGGRESSIVE;
				CLANG_CXX_LANGUAGE_STANDARD = "gnu++14";
				CLANG_CXX_LIBRARY = "libc++";
				CLANG_ENABLE_MODULES = YES;
				CLANG_ENABLE_OBJC_ARC = YES;
				CLANG_ENABLE_OBJC_WEAK = YES;
				CLANG_WARN_BLOCK_CAPTURE_AUTORELEASING = YES;
				CLANG_WARN_BOOL_CONVERSION = YES;
				CLANG_WARN_COMMA = YES;
				CLANG_WARN_CONSTANT_CONVERSION = YES;
				CLANG_WARN_DEPRECATED_OBJC_IMPLEMENTATIONS = YES;
				CLANG_WARN_DIRECT_OBJC_ISA_USAGE = YES_ERROR;
				CLANG_WARN_DOCUMENTATION_COMMENTS = YES;
				CLANG_WARN_EMPTY_BODY = YES;
				CLANG_WARN_ENUM_CONVERSION = YES;
				CLANG_WARN_INFINITE_RECURSION = YES;
				CLANG_WARN_INT_CONVERSION = YES;
				CLANG_WARN_NON_LITERAL_NULL_CONVERSION = YES;
				CLANG_WARN_OBJC_IMPLICIT_RETAIN_SELF = YES;
				CLANG_WARN_OBJC_LITERAL_CONVERSION = YES;
				CLANG_WARN_OBJC_ROOT_CLASS = YES_ERROR;
				CLANG_WARN_RANGE_LOOP_ANALYSIS = YES;
				CLANG_WARN_STRICT_PROTOTYPES = YES;
				CLANG_WARN_SUSPICIOUS_MOVE = YES;
				CLANG_WARN_UNGUARDED_AVAILABILITY = YES_AGGRESSIVE;
				CLANG_WARN_UNREACHABLE_CODE = YES;
				CLANG_WARN__DUPLICATE_METHOD_MATCH = YES;
				COPY_PHASE_STRIP = NO;
				DEBUG_INFORMATION_FORMAT = "dwarf-with-dsym";
				ENABLE_NS_ASSERTIONS = NO;
				ENABLE_STRICT_OBJC_MSGSEND = YES;
				GCC_C_LANGUAGE_STANDARD = gnu11;
				GCC_NO_COMMON_BLOCKS = YES;
				GCC_WARN_64_TO_32_BIT_CONVERSION = YES;
				GCC_WARN_ABOUT_RETURN_TYPE = YES_ERROR;
				GCC_WARN_UNDECLARED_SELECTOR = YES;
				GCC_WARN_UNINITIALIZED_AUTOS = YES_AGGRESSIVE;
				GCC_WARN_UNUSED_FUNCTION = YES;
				GCC_WARN_UNUSED_VARIABLE = YES;
				IPHONEOS_DEPLOYMENT_TARGET = 13.2;
				MTL_ENABLE_DEBUG_INFO = NO;
				MTL_FAST_MATH = YES;
				SDKROOT = iphoneos;
				SWIFT_COMPILATION_MODE = wholemodule;
				SWIFT_OPTIMIZATION_LEVEL = "-O";
				VALIDATE_PRODUCT = YES;
			};
			name = Release;
		};
		9CDDA5E623A4757600DD4320 /* Debug */ = {
			isa = XCBuildConfiguration;
			buildSettings = {
				ASSETCATALOG_COMPILER_APPICON_NAME = AppIcon;
				CODE_SIGN_STYLE = Automatic;
				DEVELOPMENT_TEAM = VUME5E88UU;
				INFOPLIST_FILE = TestCollectionview/Info.plist;
				LD_RUNPATH_SEARCH_PATHS = (
					"$(inherited)",
					"@executable_path/Frameworks",
				);
				PRODUCT_BUNDLE_IDENTIFIER = com.SevenStars.TestCollectionview;
				PRODUCT_NAME = "$(TARGET_NAME)";
				SWIFT_VERSION = 5.0;
				TARGETED_DEVICE_FAMILY = "1,2";
			};
			name = Debug;
		};
		9CDDA5E723A4757600DD4320 /* Release */ = {
			isa = XCBuildConfiguration;
			buildSettings = {
				ASSETCATALOG_COMPILER_APPICON_NAME = AppIcon;
				CODE_SIGN_STYLE = Automatic;
				DEVELOPMENT_TEAM = VUME5E88UU;
				INFOPLIST_FILE = TestCollectionview/Info.plist;
				LD_RUNPATH_SEARCH_PATHS = (
					"$(inherited)",
					"@executable_path/Frameworks",
				);
				PRODUCT_BUNDLE_IDENTIFIER = com.SevenStars.TestCollectionview;
				PRODUCT_NAME = "$(TARGET_NAME)";
				SWIFT_VERSION = 5.0;
				TARGETED_DEVICE_FAMILY = "1,2";
			};
			name = Release;
		};
/* End XCBuildConfiguration section */

/* Begin XCConfigurationList section */
		9CDDA5CC23A4757400DD4320 /* Build configuration list for PBXProject "TestCollectionview" */ = {
			isa = XCConfigurationList;
			buildConfigurations = (
				9CDDA5E323A4757600DD4320 /* Debug */,
				9CDDA5E423A4757600DD4320 /* Release */,
			);
			defaultConfigurationIsVisible = 0;
			defaultConfigurationName = Release;
		};
		9CDDA5E523A4757600DD4320 /* Build configuration list for PBXNativeTarget "TestCollectionview" */ = {
			isa = XCConfigurationList;
			buildConfigurations = (
				9CDDA5E623A4757600DD4320 /* Debug */,
				9CDDA5E723A4757600DD4320 /* Release */,
			);
			defaultConfigurationIsVisible = 0;
			defaultConfigurationName = Release;
		};
/* End XCConfigurationList section */
	};
	rootObject = 9CDDA5C923A4757400DD4320 /* Project object */;
}
